// !$*UTF8*$!
{
	archiveVersion = 1;
	classes = {
	};
	objectVersion = 56;
	objects = {

/* Begin PBXBuildFile section */
		580F9A0B2B6E0FDA007E1279 /* AVKit.framework in Frameworks */ = {isa = PBXBuildFile; fileRef = 580F9A0A2B6E0FDA007E1279 /* AVKit.framework */; };
		580F9A0D2B6E7892007E1279 /* AVFoundation.framework in Frameworks */ = {isa = PBXBuildFile; fileRef = 580F9A0C2B6E7892007E1279 /* AVFoundation.framework */; };
		580F9A502B6FB3F1007E1279 /* CoreGraphics.framework in Frameworks */ = {isa = PBXBuildFile; fileRef = 580F9A3A2B6FB3F1007E1279 /* CoreGraphics.framework */; };
		580F9A512B6FB3F1007E1279 /* CoreFoundation.framework in Frameworks */ = {isa = PBXBuildFile; fileRef = 580F9A3B2B6FB3F1007E1279 /* CoreFoundation.framework */; };
		580F9A522B6FB3F1007E1279 /* CoreMediaIO.framework in Frameworks */ = {isa = PBXBuildFile; fileRef = 580F9A3C2B6FB3F1007E1279 /* CoreMediaIO.framework */; };
		580F9A532B6FB3F1007E1279 /* CoreHaptics.framework in Frameworks */ = {isa = PBXBuildFile; fileRef = 580F9A3D2B6FB3F1007E1279 /* CoreHaptics.framework */; };
		580F9A542B6FB3F1007E1279 /* CoreAudio.framework in Frameworks */ = {isa = PBXBuildFile; fileRef = 580F9A3E2B6FB3F1007E1279 /* CoreAudio.framework */; };
		580F9A552B6FB3F1007E1279 /* CoreLocation.framework in Frameworks */ = {isa = PBXBuildFile; fileRef = 580F9A3F2B6FB3F1007E1279 /* CoreLocation.framework */; };
		580F9A562B6FB3F1007E1279 /* CoreTelephony.framework in Frameworks */ = {isa = PBXBuildFile; fileRef = 580F9A402B6FB3F1007E1279 /* CoreTelephony.framework */; };
		580F9A572B6FB3F1007E1279 /* CoreML.framework in Frameworks */ = {isa = PBXBuildFile; fileRef = 580F9A412B6FB3F1007E1279 /* CoreML.framework */; };
		580F9A592B6FB3F1007E1279 /* CoreMedia.framework in Frameworks */ = {isa = PBXBuildFile; fileRef = 580F9A432B6FB3F1007E1279 /* CoreMedia.framework */; };
		580F9A5A2B6FB3F1007E1279 /* CoreText.framework in Frameworks */ = {isa = PBXBuildFile; fileRef = 580F9A442B6FB3F1007E1279 /* CoreText.framework */; };
		580F9A5B2B6FB3F1007E1279 /* CoreImage.framework in Frameworks */ = {isa = PBXBuildFile; fileRef = 580F9A452B6FB3F1007E1279 /* CoreImage.framework */; };
		580F9A5C2B6FB3F1007E1279 /* CoreBluetooth.framework in Frameworks */ = {isa = PBXBuildFile; fileRef = 580F9A462B6FB3F1007E1279 /* CoreBluetooth.framework */; };
		580F9A5D2B6FB3F1007E1279 /* CoreMIDI.framework in Frameworks */ = {isa = PBXBuildFile; fileRef = 580F9A472B6FB3F1007E1279 /* CoreMIDI.framework */; };
		580F9A5E2B6FB3F1007E1279 /* CoreVideo.framework in Frameworks */ = {isa = PBXBuildFile; fileRef = 580F9A482B6FB3F1007E1279 /* CoreVideo.framework */; };
		580F9A5F2B6FB3F1007E1279 /* CoreTransferable.framework in Frameworks */ = {isa = PBXBuildFile; fileRef = 580F9A492B6FB3F1007E1279 /* CoreTransferable.framework */; };
		580F9A602B6FB3F1007E1279 /* CoreAudioKit.framework in Frameworks */ = {isa = PBXBuildFile; fileRef = 580F9A4A2B6FB3F1007E1279 /* CoreAudioKit.framework */; };
		580F9A612B6FB3F1007E1279 /* CoreWLAN.framework in Frameworks */ = {isa = PBXBuildFile; fileRef = 580F9A4B2B6FB3F1007E1279 /* CoreWLAN.framework */; };
		580F9A622B6FB3F1007E1279 /* CoreData.framework in Frameworks */ = {isa = PBXBuildFile; fileRef = 580F9A4C2B6FB3F1007E1279 /* CoreData.framework */; };
		580F9A632B6FB3F1007E1279 /* CoreMotion.framework in Frameworks */ = {isa = PBXBuildFile; fileRef = 580F9A4D2B6FB3F1007E1279 /* CoreMotion.framework */; };
		580F9A642B6FB3F1007E1279 /* CoreSpotlight.framework in Frameworks */ = {isa = PBXBuildFile; fileRef = 580F9A4E2B6FB3F1007E1279 /* CoreSpotlight.framework */; };
		580F9A652B6FB3F1007E1279 /* CoreServices.framework in Frameworks */ = {isa = PBXBuildFile; fileRef = 580F9A4F2B6FB3F1007E1279 /* CoreServices.framework */; };
		580F9A682B6FB4E3007E1279 /* AVFAudio.framework in Frameworks */ = {isa = PBXBuildFile; fileRef = 580F9A662B6FB4E3007E1279 /* AVFAudio.framework */; };
		580F9A692B6FB4E3007E1279 /* AVRouting.framework in Frameworks */ = {isa = PBXBuildFile; fileRef = 580F9A672B6FB4E3007E1279 /* AVRouting.framework */; };
		58908EFF2B6A95EB00BFDC5D /* AVPlayerApp.swift in Sources */ = {isa = PBXBuildFile; fileRef = 58908EFE2B6A95EB00BFDC5D /* AVPlayerApp.swift */; };
		58908F012B6A95EB00BFDC5D /* ContentView.swift in Sources */ = {isa = PBXBuildFile; fileRef = 58908F002B6A95EB00BFDC5D /* ContentView.swift */; };
		58908F032B6A95EC00BFDC5D /* Assets.xcassets in Resources */ = {isa = PBXBuildFile; fileRef = 58908F022B6A95EC00BFDC5D /* Assets.xcassets */; };
		58908F062B6A95EC00BFDC5D /* Preview Assets.xcassets in Resources */ = {isa = PBXBuildFile; fileRef = 58908F052B6A95EC00BFDC5D /* Preview Assets.xcassets */; };
/* End PBXBuildFile section */

/* Begin PBXFileReference section */
		580F9A0A2B6E0FDA007E1279 /* AVKit.framework */ = {isa = PBXFileReference; lastKnownFileType = wrapper.framework; name = AVKit.framework; path = System/Library/Frameworks/AVKit.framework; sourceTree = SDKROOT; };
		580F9A0C2B6E7892007E1279 /* AVFoundation.framework */ = {isa = PBXFileReference; lastKnownFileType = wrapper.framework; name = AVFoundation.framework; path = System/Library/Frameworks/AVFoundation.framework; sourceTree = SDKROOT; };
		580F9A3A2B6FB3F1007E1279 /* CoreGraphics.framework */ = {isa = PBXFileReference; lastKnownFileType = wrapper.framework; name = CoreGraphics.framework; path = System/Library/Frameworks/CoreGraphics.framework; sourceTree = SDKROOT; };
		580F9A3B2B6FB3F1007E1279 /* CoreFoundation.framework */ = {isa = PBXFileReference; lastKnownFileType = wrapper.framework; name = CoreFoundation.framework; path = System/Library/Frameworks/CoreFoundation.framework; sourceTree = SDKROOT; };
		580F9A3C2B6FB3F1007E1279 /* CoreMediaIO.framework */ = {isa = PBXFileReference; lastKnownFileType = wrapper.framework; name = CoreMediaIO.framework; path = System/Library/Frameworks/CoreMediaIO.framework; sourceTree = SDKROOT; };
		580F9A3D2B6FB3F1007E1279 /* CoreHaptics.framework */ = {isa = PBXFileReference; lastKnownFileType = wrapper.framework; name = CoreHaptics.framework; path = System/Library/Frameworks/CoreHaptics.framework; sourceTree = SDKROOT; };
		580F9A3E2B6FB3F1007E1279 /* CoreAudio.framework */ = {isa = PBXFileReference; lastKnownFileType = wrapper.framework; name = CoreAudio.framework; path = System/Library/Frameworks/CoreAudio.framework; sourceTree = SDKROOT; };
		580F9A3F2B6FB3F1007E1279 /* CoreLocation.framework */ = {isa = PBXFileReference; lastKnownFileType = wrapper.framework; name = CoreLocation.framework; path = System/Library/Frameworks/CoreLocation.framework; sourceTree = SDKROOT; };
		580F9A402B6FB3F1007E1279 /* CoreTelephony.framework */ = {isa = PBXFileReference; lastKnownFileType = wrapper.framework; name = CoreTelephony.framework; path = System/Library/Frameworks/CoreTelephony.framework; sourceTree = SDKROOT; };
		580F9A412B6FB3F1007E1279 /* CoreML.framework */ = {isa = PBXFileReference; lastKnownFileType = wrapper.framework; name = CoreML.framework; path = System/Library/Frameworks/CoreML.framework; sourceTree = SDKROOT; };
		580F9A432B6FB3F1007E1279 /* CoreMedia.framework */ = {isa = PBXFileReference; lastKnownFileType = wrapper.framework; name = CoreMedia.framework; path = System/Library/Frameworks/CoreMedia.framework; sourceTree = SDKROOT; };
		580F9A442B6FB3F1007E1279 /* CoreText.framework */ = {isa = PBXFileReference; lastKnownFileType = wrapper.framework; name = CoreText.framework; path = System/Library/Frameworks/CoreText.framework; sourceTree = SDKROOT; };
		580F9A452B6FB3F1007E1279 /* CoreImage.framework */ = {isa = PBXFileReference; lastKnownFileType = wrapper.framework; name = CoreImage.framework; path = System/Library/Frameworks/CoreImage.framework; sourceTree = SDKROOT; };
		580F9A462B6FB3F1007E1279 /* CoreBluetooth.framework */ = {isa = PBXFileReference; lastKnownFileType = wrapper.framework; name = CoreBluetooth.framework; path = System/Library/Frameworks/CoreBluetooth.framework; sourceTree = SDKROOT; };
		580F9A472B6FB3F1007E1279 /* CoreMIDI.framework */ = {isa = PBXFileReference; lastKnownFileType = wrapper.framework; name = CoreMIDI.framework; path = System/Library/Frameworks/CoreMIDI.framework; sourceTree = SDKROOT; };
		580F9A482B6FB3F1007E1279 /* CoreVideo.framework */ = {isa = PBXFileReference; lastKnownFileType = wrapper.framework; name = CoreVideo.framework; path = System/Library/Frameworks/CoreVideo.framework; sourceTree = SDKROOT; };
		580F9A492B6FB3F1007E1279 /* CoreTransferable.framework */ = {isa = PBXFileReference; lastKnownFileType = wrapper.framework; name = CoreTransferable.framework; path = System/Library/Frameworks/CoreTransferable.framework; sourceTree = SDKROOT; };
		580F9A4A2B6FB3F1007E1279 /* CoreAudioKit.framework */ = {isa = PBXFileReference; lastKnownFileType = wrapper.framework; name = CoreAudioKit.framework; path = System/Library/Frameworks/CoreAudioKit.framework; sourceTree = SDKROOT; };
		580F9A4B2B6FB3F1007E1279 /* CoreWLAN.framework */ = {isa = PBXFileReference; lastKnownFileType = wrapper.framework; name = CoreWLAN.framework; path = System/Library/Frameworks/CoreWLAN.framework; sourceTree = SDKROOT; };
		580F9A4C2B6FB3F1007E1279 /* CoreData.framework */ = {isa = PBXFileReference; lastKnownFileType = wrapper.framework; name = CoreData.framework; path = System/Library/Frameworks/CoreData.framework; sourceTree = SDKROOT; };
		580F9A4D2B6FB3F1007E1279 /* CoreMotion.framework */ = {isa = PBXFileReference; lastKnownFileType = wrapper.framework; name = CoreMotion.framework; path = System/Library/Frameworks/CoreMotion.framework; sourceTree = SDKROOT; };
		580F9A4E2B6FB3F1007E1279 /* CoreSpotlight.framework */ = {isa = PBXFileReference; lastKnownFileType = wrapper.framework; name = CoreSpotlight.framework; path = System/Library/Frameworks/CoreSpotlight.framework; sourceTree = SDKROOT; };
		580F9A4F2B6FB3F1007E1279 /* CoreServices.framework */ = {isa = PBXFileReference; lastKnownFileType = wrapper.framework; name = CoreServices.framework; path = System/Library/Frameworks/CoreServices.framework; sourceTree = SDKROOT; };
		580F9A662B6FB4E3007E1279 /* AVFAudio.framework */ = {isa = PBXFileReference; lastKnownFileType = wrapper.framework; name = AVFAudio.framework; path = System/Library/Frameworks/AVFAudio.framework; sourceTree = SDKROOT; };
		580F9A672B6FB4E3007E1279 /* AVRouting.framework */ = {isa = PBXFileReference; lastKnownFileType = wrapper.framework; name = AVRouting.framework; path = System/Library/Frameworks/AVRouting.framework; sourceTree = SDKROOT; };
		58908EFB2B6A95EB00BFDC5D /* AVPlayer.app */ = {isa = PBXFileReference; explicitFileType = wrapper.application; includeInIndex = 0; path = AVPlayer.app; sourceTree = BUILT_PRODUCTS_DIR; };
		58908EFE2B6A95EB00BFDC5D /* AVPlayerApp.swift */ = {isa = PBXFileReference; lastKnownFileType = sourcecode.swift; path = AVPlayerApp.swift; sourceTree = "<group>"; };
		58908F002B6A95EB00BFDC5D /* ContentView.swift */ = {isa = PBXFileReference; lastKnownFileType = sourcecode.swift; path = ContentView.swift; sourceTree = "<group>"; };
		58908F022B6A95EC00BFDC5D /* Assets.xcassets */ = {isa = PBXFileReference; lastKnownFileType = folder.assetcatalog; path = Assets.xcassets; sourceTree = "<group>"; };
		58908F052B6A95EC00BFDC5D /* Preview Assets.xcassets */ = {isa = PBXFileReference; lastKnownFileType = folder.assetcatalog; path = "Preview Assets.xcassets"; sourceTree = "<group>"; };
		58908F072B6A95EC00BFDC5D /* AVPlayer.entitlements */ = {isa = PBXFileReference; lastKnownFileType = text.plist.entitlements; path = AVPlayer.entitlements; sourceTree = "<group>"; };
/* End PBXFileReference section */

/* Begin PBXFrameworksBuildPhase section */
		58908EF82B6A95EB00BFDC5D /* Frameworks */ = {
			isa = PBXFrameworksBuildPhase;
			buildActionMask = 2147483647;
			files = (
				580F9A682B6FB4E3007E1279 /* AVFAudio.framework in Frameworks */,
				580F9A692B6FB4E3007E1279 /* AVRouting.framework in Frameworks */,
				580F9A502B6FB3F1007E1279 /* CoreGraphics.framework in Frameworks */,
				580F9A512B6FB3F1007E1279 /* CoreFoundation.framework in Frameworks */,
				580F9A522B6FB3F1007E1279 /* CoreMediaIO.framework in Frameworks */,
				580F9A532B6FB3F1007E1279 /* CoreHaptics.framework in Frameworks */,
				580F9A542B6FB3F1007E1279 /* CoreAudio.framework in Frameworks */,
				580F9A552B6FB3F1007E1279 /* CoreLocation.framework in Frameworks */,
				580F9A562B6FB3F1007E1279 /* CoreTelephony.framework in Frameworks */,
				580F9A572B6FB3F1007E1279 /* CoreML.framework in Frameworks */,
				580F9A592B6FB3F1007E1279 /* CoreMedia.framework in Frameworks */,
				580F9A5A2B6FB3F1007E1279 /* CoreText.framework in Frameworks */,
				580F9A5B2B6FB3F1007E1279 /* CoreImage.framework in Frameworks */,
				580F9A5C2B6FB3F1007E1279 /* CoreBluetooth.framework in Frameworks */,
				580F9A5D2B6FB3F1007E1279 /* CoreMIDI.framework in Frameworks */,
				580F9A5E2B6FB3F1007E1279 /* CoreVideo.framework in Frameworks */,
				580F9A5F2B6FB3F1007E1279 /* CoreTransferable.framework in Frameworks */,
				580F9A602B6FB3F1007E1279 /* CoreAudioKit.framework in Frameworks */,
				580F9A612B6FB3F1007E1279 /* CoreWLAN.framework in Frameworks */,
				580F9A622B6FB3F1007E1279 /* CoreData.framework in Frameworks */,
				580F9A632B6FB3F1007E1279 /* CoreMotion.framework in Frameworks */,
				580F9A642B6FB3F1007E1279 /* CoreSpotlight.framework in Frameworks */,
				580F9A652B6FB3F1007E1279 /* CoreServices.framework in Frameworks */,
				580F9A0D2B6E7892007E1279 /* AVFoundation.framework in Frameworks */,
				580F9A0B2B6E0FDA007E1279 /* AVKit.framework in Frameworks */,
			);
			runOnlyForDeploymentPostprocessing = 0;
		};
/* End PBXFrameworksBuildPhase section */

/* Begin PBXGroup section */
		580F9A092B6E0FDA007E1279 /* Frameworks */ = {
			isa = PBXGroup;
			children = (
				580F9A662B6FB4E3007E1279 /* AVFAudio.framework */,
				580F9A672B6FB4E3007E1279 /* AVRouting.framework */,
				580F9A3E2B6FB3F1007E1279 /* CoreAudio.framework */,
				580F9A4A2B6FB3F1007E1279 /* CoreAudioKit.framework */,
				580F9A462B6FB3F1007E1279 /* CoreBluetooth.framework */,
				580F9A4C2B6FB3F1007E1279 /* CoreData.framework */,
				580F9A3B2B6FB3F1007E1279 /* CoreFoundation.framework */,
				580F9A3A2B6FB3F1007E1279 /* CoreGraphics.framework */,
				580F9A3D2B6FB3F1007E1279 /* CoreHaptics.framework */,
				580F9A452B6FB3F1007E1279 /* CoreImage.framework */,
				580F9A3F2B6FB3F1007E1279 /* CoreLocation.framework */,
				580F9A432B6FB3F1007E1279 /* CoreMedia.framework */,
				580F9A3C2B6FB3F1007E1279 /* CoreMediaIO.framework */,
				580F9A472B6FB3F1007E1279 /* CoreMIDI.framework */,
				580F9A412B6FB3F1007E1279 /* CoreML.framework */,
				580F9A4D2B6FB3F1007E1279 /* CoreMotion.framework */,
				580F9A4F2B6FB3F1007E1279 /* CoreServices.framework */,
				580F9A4E2B6FB3F1007E1279 /* CoreSpotlight.framework */,
				580F9A402B6FB3F1007E1279 /* CoreTelephony.framework */,
				580F9A442B6FB3F1007E1279 /* CoreText.framework */,
				580F9A492B6FB3F1007E1279 /* CoreTransferable.framework */,
				580F9A482B6FB3F1007E1279 /* CoreVideo.framework */,
				580F9A4B2B6FB3F1007E1279 /* CoreWLAN.framework */,
				580F9A0C2B6E7892007E1279 /* AVFoundation.framework */,
				580F9A0A2B6E0FDA007E1279 /* AVKit.framework */,
			);
			name = Frameworks;
			sourceTree = "<group>";
		};
		58908EF22B6A95EB00BFDC5D = {
			isa = PBXGroup;
			children = (
				58908EFD2B6A95EB00BFDC5D /* AVPlayer */,
				58908EFC2B6A95EB00BFDC5D /* Products */,
				580F9A092B6E0FDA007E1279 /* Frameworks */,
			);
			sourceTree = "<group>";
		};
		58908EFC2B6A95EB00BFDC5D /* Products */ = {
			isa = PBXGroup;
			children = (
				58908EFB2B6A95EB00BFDC5D /* AVPlayer.app */,
			);
			name = Products;
			sourceTree = "<group>";
		};
		58908EFD2B6A95EB00BFDC5D /* AVPlayer */ = {
			isa = PBXGroup;
			children = (
				58908EFE2B6A95EB00BFDC5D /* AVPlayerApp.swift */,
				58908F002B6A95EB00BFDC5D /* ContentView.swift */,
				58908F022B6A95EC00BFDC5D /* Assets.xcassets */,
				58908F072B6A95EC00BFDC5D /* AVPlayer.entitlements */,
				58908F042B6A95EC00BFDC5D /* Preview Content */,
			);
			path = AVPlayer;
			sourceTree = "<group>";
		};
		58908F042B6A95EC00BFDC5D /* Preview Content */ = {
			isa = PBXGroup;
			children = (
				58908F052B6A95EC00BFDC5D /* Preview Assets.xcassets */,
			);
			path = "Preview Content";
			sourceTree = "<group>";
		};
/* End PBXGroup section */

/* Begin PBXNativeTarget section */
		58908EFA2B6A95EB00BFDC5D /* AVPlayer */ = {
			isa = PBXNativeTarget;
			buildConfigurationList = 58908F0A2B6A95EC00BFDC5D /* Build configuration list for PBXNativeTarget "AVPlayer" */;
			buildPhases = (
				58908EF72B6A95EB00BFDC5D /* Sources */,
				58908EF82B6A95EB00BFDC5D /* Frameworks */,
				58908EF92B6A95EB00BFDC5D /* Resources */,
			);
			buildRules = (
			);
			dependencies = (
			);
			name = AVPlayer;
			productName = AVPlayer;
			productReference = 58908EFB2B6A95EB00BFDC5D /* AVPlayer.app */;
			productType = "com.apple.product-type.application";
		};
/* End PBXNativeTarget section */

/* Begin PBXProject section */
		58908EF32B6A95EB00BFDC5D /* Project object */ = {
			isa = PBXProject;
			attributes = {
				BuildIndependentTargetsInParallel = 1;
				LastSwiftUpdateCheck = 1520;
				LastUpgradeCheck = 1520;
				TargetAttributes = {
					58908EFA2B6A95EB00BFDC5D = {
						CreatedOnToolsVersion = 15.2;
					};
				};
			};
			buildConfigurationList = 58908EF62B6A95EB00BFDC5D /* Build configuration list for PBXProject "AVPlayer" */;
			compatibilityVersion = "Xcode 14.0";
			developmentRegion = en;
			hasScannedForEncodings = 0;
			knownRegions = (
				en,
				Base,
			);
			mainGroup = 58908EF22B6A95EB00BFDC5D;
			productRefGroup = 58908EFC2B6A95EB00BFDC5D /* Products */;
			projectDirPath = "";
			projectRoot = "";
			targets = (
				58908EFA2B6A95EB00BFDC5D /* AVPlayer */,
			);
		};
/* End PBXProject section */

/* Begin PBXResourcesBuildPhase section */
		58908EF92B6A95EB00BFDC5D /* Resources */ = {
			isa = PBXResourcesBuildPhase;
			buildActionMask = 2147483647;
			files = (
				58908F062B6A95EC00BFDC5D /* Preview Assets.xcassets in Resources */,
				58908F032B6A95EC00BFDC5D /* Assets.xcassets in Resources */,
			);
			runOnlyForDeploymentPostprocessing = 0;
		};
/* End PBXResourcesBuildPhase section */

/* Begin PBXSourcesBuildPhase section */
		58908EF72B6A95EB00BFDC5D /* Sources */ = {
			isa = PBXSourcesBuildPhase;
			buildActionMask = 2147483647;
			files = (
				58908F012B6A95EB00BFDC5D /* ContentView.swift in Sources */,
				58908EFF2B6A95EB00BFDC5D /* AVPlayerApp.swift in Sources */,
			);
			runOnlyForDeploymentPostprocessing = 0;
		};
/* End PBXSourcesBuildPhase section */

/* Begin XCBuildConfiguration section */
		58908F082B6A95EC00BFDC5D /* Debug */ = {
			isa = XCBuildConfiguration;
			buildSettings = {
				ALWAYS_SEARCH_USER_PATHS = NO;
				ASSETCATALOG_COMPILER_GENERATE_SWIFT_ASSET_SYMBOL_EXTENSIONS = YES;
				CLANG_ANALYZER_NONNULL = YES;
				CLANG_ANALYZER_NUMBER_OBJECT_CONVERSION = YES_AGGRESSIVE;
				CLANG_CXX_LANGUAGE_STANDARD = "gnu++20";
				CLANG_ENABLE_MODULES = YES;
				CLANG_ENABLE_OBJC_ARC = YES;
				CLANG_ENABLE_OBJC_WEAK = YES;
				CLANG_WARN_BLOCK_CAPTURE_AUTORELEASING = YES;
				CLANG_WARN_BOOL_CONVERSION = YES;
				CLANG_WARN_COMMA = YES;
				CLANG_WARN_CONSTANT_CONVERSION = YES;
				CLANG_WARN_DEPRECATED_OBJC_IMPLEMENTATIONS = YES;
				CLANG_WARN_DIRECT_OBJC_ISA_USAGE = YES_ERROR;
				CLANG_WARN_DOCUMENTATION_COMMENTS = YES;
				CLANG_WARN_EMPTY_BODY = YES;
				CLANG_WARN_ENUM_CONVERSION = YES;
				CLANG_WARN_INFINITE_RECURSION = YES;
				CLANG_WARN_INT_CONVERSION = YES;
				CLANG_WARN_NON_LITERAL_NULL_CONVERSION = YES;
				CLANG_WARN_OBJC_IMPLICIT_RETAIN_SELF = YES;
				CLANG_WARN_OBJC_LITERAL_CONVERSION = YES;
				CLANG_WARN_OBJC_ROOT_CLASS = YES_ERROR;
				CLANG_WARN_QUOTED_INCLUDE_IN_FRAMEWORK_HEADER = YES;
				CLANG_WARN_RANGE_LOOP_ANALYSIS = YES;
				CLANG_WARN_STRICT_PROTOTYPES = YES;
				CLANG_WARN_SUSPICIOUS_MOVE = YES;
				CLANG_WARN_UNGUARDED_AVAILABILITY = YES_AGGRESSIVE;
				CLANG_WARN_UNREACHABLE_CODE = YES;
				CLANG_WARN__DUPLICATE_METHOD_MATCH = YES;
				COPY_PHASE_STRIP = NO;
				DEBUG_INFORMATION_FORMAT = dwarf;
				ENABLE_STRICT_OBJC_MSGSEND = YES;
				ENABLE_TESTABILITY = YES;
				ENABLE_USER_SCRIPT_SANDBOXING = YES;
				GCC_C_LANGUAGE_STANDARD = gnu17;
				GCC_DYNAMIC_NO_PIC = NO;
				GCC_NO_COMMON_BLOCKS = YES;
				GCC_OPTIMIZATION_LEVEL = 0;
				GCC_PREPROCESSOR_DEFINITIONS = (
					"DEBUG=1",
					"$(inherited)",
				);
				GCC_WARN_64_TO_32_BIT_CONVERSION = YES;
				GCC_WARN_ABOUT_RETURN_TYPE = YES_ERROR;
				GCC_WARN_UNDECLARED_SELECTOR = YES;
				GCC_WARN_UNINITIALIZED_AUTOS = YES_AGGRESSIVE;
				GCC_WARN_UNUSED_FUNCTION = YES;
				GCC_WARN_UNUSED_VARIABLE = YES;
				LOCALIZATION_PREFERS_STRING_CATALOGS = YES;
				MACOSX_DEPLOYMENT_TARGET = 13.6;
				MTL_ENABLE_DEBUG_INFO = INCLUDE_SOURCE;
				MTL_FAST_MATH = YES;
				ONLY_ACTIVE_ARCH = YES;
				SDKROOT = macosx;
				SWIFT_ACTIVE_COMPILATION_CONDITIONS = "DEBUG $(inherited)";
				SWIFT_OPTIMIZATION_LEVEL = "-Onone";
			};
			name = Debug;
		};
		58908F092B6A95EC00BFDC5D /* Release */ = {
			isa = XCBuildConfiguration;
			buildSettings = {
				ALWAYS_SEARCH_USER_PATHS = NO;
				ASSETCATALOG_COMPILER_GENERATE_SWIFT_ASSET_SYMBOL_EXTENSIONS = YES;
				CLANG_ANALYZER_NONNULL = YES;
				CLANG_ANALYZER_NUMBER_OBJECT_CONVERSION = YES_AGGRESSIVE;
				CLANG_CXX_LANGUAGE_STANDARD = "gnu++20";
				CLANG_ENABLE_MODULES = YES;
				CLANG_ENABLE_OBJC_ARC = YES;
				CLANG_ENABLE_OBJC_WEAK = YES;
				CLANG_WARN_BLOCK_CAPTURE_AUTORELEASING = YES;
				CLANG_WARN_BOOL_CONVERSION = YES;
				CLANG_WARN_COMMA = YES;
				CLANG_WARN_CONSTANT_CONVERSION = YES;
				CLANG_WARN_DEPRECATED_OBJC_IMPLEMENTATIONS = YES;
				CLANG_WARN_DIRECT_OBJC_ISA_USAGE = YES_ERROR;
				CLANG_WARN_DOCUMENTATION_COMMENTS = YES;
				CLANG_WARN_EMPTY_BODY = YES;
				CLANG_WARN_ENUM_CONVERSION = YES;
				CLANG_WARN_INFINITE_RECURSION = YES;
				CLANG_WARN_INT_CONVERSION = YES;
				CLANG_WARN_NON_LITERAL_NULL_CONVERSION = YES;
				CLANG_WARN_OBJC_IMPLICIT_RETAIN_SELF = YES;
				CLANG_WARN_OBJC_LITERAL_CONVERSION = YES;
				CLANG_WARN_OBJC_ROOT_CLASS = YES_ERROR;
				CLANG_WARN_QUOTED_INCLUDE_IN_FRAMEWORK_HEADER = YES;
				CLANG_WARN_RANGE_LOOP_ANALYSIS = YES;
				CLANG_WARN_STRICT_PROTOTYPES = YES;
				CLANG_WARN_SUSPICIOUS_MOVE = YES;
				CLANG_WARN_UNGUARDED_AVAILABILITY = YES_AGGRESSIVE;
				CLANG_WARN_UNREACHABLE_CODE = YES;
				CLANG_WARN__DUPLICATE_METHOD_MATCH = YES;
				COPY_PHASE_STRIP = NO;
				DEBUG_INFORMATION_FORMAT = "dwarf-with-dsym";
				ENABLE_NS_ASSERTIONS = NO;
				ENABLE_STRICT_OBJC_MSGSEND = YES;
				ENABLE_USER_SCRIPT_SANDBOXING = YES;
				GCC_C_LANGUAGE_STANDARD = gnu17;
				GCC_NO_COMMON_BLOCKS = YES;
				GCC_WARN_64_TO_32_BIT_CONVERSION = YES;
				GCC_WARN_ABOUT_RETURN_TYPE = YES_ERROR;
				GCC_WARN_UNDECLARED_SELECTOR = YES;
				GCC_WARN_UNINITIALIZED_AUTOS = YES_AGGRESSIVE;
				GCC_WARN_UNUSED_FUNCTION = YES;
				GCC_WARN_UNUSED_VARIABLE = YES;
				LOCALIZATION_PREFERS_STRING_CATALOGS = YES;
				MACOSX_DEPLOYMENT_TARGET = 13.6;
				MTL_ENABLE_DEBUG_INFO = NO;
				MTL_FAST_MATH = YES;
				SDKROOT = macosx;
				SWIFT_COMPILATION_MODE = wholemodule;
			};
			name = Release;
		};
		58908F0B2B6A95EC00BFDC5D /* Debug */ = {
			isa = XCBuildConfiguration;
			buildSettings = {
				ASSETCATALOG_COMPILER_APPICON_NAME = AppIcon;
				ASSETCATALOG_COMPILER_GLOBAL_ACCENT_COLOR_NAME = AccentColor;
				CODE_SIGN_ENTITLEMENTS = AVPlayer/AVPlayer.entitlements;
				CODE_SIGN_IDENTITY = "Apple Development";
				"CODE_SIGN_IDENTITY[sdk=macosx*]" = "-";
				CODE_SIGN_STYLE = Automatic;
				COMBINE_HIDPI_IMAGES = YES;
				CURRENT_PROJECT_VERSION = 1;
				DEVELOPMENT_ASSET_PATHS = "\"AVPlayer/Preview Content\"";
				DEVELOPMENT_TEAM = "";
				ENABLE_PREVIEWS = YES;
				GENERATE_INFOPLIST_FILE = YES;
				INFOPLIST_KEY_CFBundleDisplayName = "VideoPlayer V1.2.1 By lex.";
				INFOPLIST_KEY_LSApplicationCategoryType = "public.app-category.video";
				INFOPLIST_KEY_NSHumanReadableCopyright = "";
				LD_RUNPATH_SEARCH_PATHS = (
					"$(inherited)",
					"@executable_path/../Frameworks",
				);
				MACOSX_DEPLOYMENT_TARGET = 12.0;
				MARKETING_VERSION = 1.2;
				PRODUCT_BUNDLE_IDENTIFIER = lex.AVPlayer;
				PRODUCT_NAME = "$(TARGET_NAME)";
				PROVISIONING_PROFILE_SPECIFIER = "";
				SWIFT_EMIT_LOC_STRINGS = YES;
				SWIFT_VERSION = 5.0;
			};
			name = Debug;
		};
		58908F0C2B6A95EC00BFDC5D /* Release */ = {
			isa = XCBuildConfiguration;
			buildSettings = {
				ASSETCATALOG_COMPILER_APPICON_NAME = AppIcon;
				ASSETCATALOG_COMPILER_GLOBAL_ACCENT_COLOR_NAME = AccentColor;
				CODE_SIGN_ENTITLEMENTS = AVPlayer/AVPlayer.entitlements;
				CODE_SIGN_IDENTITY = "Apple Development";
				"CODE_SIGN_IDENTITY[sdk=macosx*]" = "-";
				CODE_SIGN_STYLE = Automatic;
				COMBINE_HIDPI_IMAGES = YES;
				CURRENT_PROJECT_VERSION = 1;
				DEVELOPMENT_ASSET_PATHS = "\"AVPlayer/Preview Content\"";
				DEVELOPMENT_TEAM = "";
				ENABLE_PREVIEWS = YES;
				GENERATE_INFOPLIST_FILE = YES;
				INFOPLIST_KEY_CFBundleDisplayName = "VideoPlayer V1.2.1 By lex.";
				INFOPLIST_KEY_LSApplicationCategoryType = "public.app-category.video";
				INFOPLIST_KEY_NSHumanReadableCopyright = "";
				LD_RUNPATH_SEARCH_PATHS = (
					"$(inherited)",
					"@executable_path/../Frameworks",
				);
				MACOSX_DEPLOYMENT_TARGET = 12.0;
				MARKETING_VERSION = 1.2;
				PRODUCT_BUNDLE_IDENTIFIER = lex.AVPlayer;
				PRODUCT_NAME = "$(TARGET_NAME)";
				PROVISIONING_PROFILE_SPECIFIER = "";
				SWIFT_EMIT_LOC_STRINGS = YES;
				SWIFT_VERSION = 5.0;
			};
			name = Release;
		};
/* End XCBuildConfiguration section */

/* Begin XCConfigurationList section */
		58908EF62B6A95EB00BFDC5D /* Build configuration list for PBXProject "AVPlayer" */ = {
			isa = XCConfigurationList;
			buildConfigurations = (
				58908F082B6A95EC00BFDC5D /* Debug */,
				58908F092B6A95EC00BFDC5D /* Release */,
			);
			defaultConfigurationIsVisible = 0;
			defaultConfigurationName = Release;
		};
		58908F0A2B6A95EC00BFDC5D /* Build configuration list for PBXNativeTarget "AVPlayer" */ = {
			isa = XCConfigurationList;
			buildConfigurations = (
				58908F0B2B6A95EC00BFDC5D /* Debug */,
				58908F0C2B6A95EC00BFDC5D /* Release */,
			);
			defaultConfigurationIsVisible = 0;
			defaultConfigurationName = Release;
		};
/* End XCConfigurationList section */
	};
	rootObject = 58908EF32B6A95EB00BFDC5D /* Project object */;
}
